{
  "name": "project-echo-party",
  "version": "0.0.0",
  "lockfileVersion": 3,
  "requires": true,
  "packages": {
    "": {
      "name": "project-echo-party",
      "version": "0.0.0",
      "workspaces": [
        "apps/*",
        "packages/*"
      ],
      "devDependencies": {
        "typescript": "^5.9.3"
      },
      "engines": {
        "node": ">=18"
      }
    },
    "node_modules/@echo-party/content": {
      "resolved": "packages/content",
      "link": true
    },
    "node_modules/@echo-party/shared": {
      "resolved": "packages/shared",
      "link": true
    },
    "node_modules/@echo-party/sim": {
      "resolved": "packages/sim",
      "link": true
    },
    "node_modules/@echo-party/tooling": {
      "resolved": "packages/tooling",
      "link": true
    },
    "node_modules/typescript": {
      "version": "5.9.3",
      "resolved": "https://registry.npmjs.org/typescript/-/typescript-5.9.3.tgz",
      "integrity": "sha512-jl1vZzPDinLr9eUt3J/t7V6FgNEw9QjvBPdysz9KfQDD41fQrC2Y4vKQdiaUpFT4bXlb1RHhLpp8wtm6M5TgSw==",
      "dev": true,
      "license": "Apache-2.0",
      "bin": {
        "tsc": "bin/tsc",
        "tsserver": "bin/tsserver"
      },
      "engines": {
        "node": ">=14.17"
      }
    },
    "packages/content": {
      "name": "@echo-party/content",
      "version": "0.0.0",
      "dependencies": {
        "@echo-party/shared": "*"
      }
    },
    "packages/shared": {
      "name": "@echo-party/shared",
      "version": "0.0.0"
    },
    "packages/sim": {
      "name": "@echo-party/sim",
      "version": "0.0.0",
      "dependencies": {
        "@echo-party/shared": "*"
      }
    },
    "packages/tooling": {
      "name": "@echo-party/tooling",
      "version": "0.0.0"
    }
  }
}
